# This file is automatically @generated by Cargo.
# It is not intended for manual editing.
version = 4

[[package]]
name = "anyhow"
version = "1.0.94"
source = "registry+https://github.com/rust-lang/crates.io-index"
checksum = "c1fd03a028ef38ba2276dce7e33fcd6369c158a1bca17946c4b1b701891c1ff7"

[[package]]
name = "common"
version = "0.1.0"

[[package]]
name = "door_01"
version = "0.1.0"
dependencies = [
 "anyhow",
 "common",
]

[[package]]
name = "door_02"
version = "0.1.0"

[[package]]
name = "door_03"
version = "0.1.0"
dependencies = [
 "common",
]

[[package]]
name = "door_04"
version = "0.1.0"
dependencies = [
 "common",
]

[[package]]
name = "door_05"
version = "0.1.0"
dependencies = [
 "common",
]

[[package]]
name = "door_06"
version = "0.1.0"
dependencies = [
 "common",
]

[[package]]
name = "door_07"
version = "0.1.0"
dependencies = [
 "common",
]

[[package]]
name = "door_08"
version = "0.1.0"
dependencies = [
 "common",
]
